
Microsoft Visual Studio Solution File, Format Version 12.00
# Visual Studio Version 17
VisualStudioVersion = 17.4.33213.308
MinimumVisualStudioVersion = 10.0.40219.1
Project("{9A19103F-16F7-4668-BE54-9A1E7A4F7556}") = "NZWalks.API", "NZWalks.API\NZWalks.API.csproj", "{2B8F1E61-6271-4E75-9488-E203B58E9FC7}"
EndProject
Project("{9A19103F-16F7-4668-BE54-9A1E7A4F7556}") = "NZWalksWebApp", "NZWalksWebApp\NZWalksWebApp.csproj", "{398AAD7D-4001-4449-8641-0C3573AACCF5}"
EndProject
Global
	GlobalSection(SolutionConfigurationPlatforms) = preSolution
		Debug|Any CPU = Debug|Any CPU
		Release|Any CPU = Release|Any CPU
	EndGlobalSection
	GlobalSection(ProjectConfigurationPlatforms) = postSolution
		{2B8F1E61-6271-4E75-9488-E203B58E9FC7}.Debug|Any CPU.ActiveCfg = Debug|Any CPU
		{2B8F1E61-6271-4E75-9488-E203B58E9FC7}.Debug|Any CPU.Build.0 = Debug|Any CPU
		{2B8F1E61-6271-4E75-9488-E203B58E9FC7}.Release|Any CPU.ActiveCfg = Release|Any CPU
		{2B8F1E61-6271-4E75-9488-E203B58E9FC7}.Release|Any CPU.Build.0 = Release|Any CPU
		{398AAD7D-4001-4449-8641-0C3573AACCF5}.Debug|Any CPU.ActiveCfg = Debug|Any CPU
		{398AAD7D-4001-4449-8641-0C3573AACCF5}.Debug|Any CPU.Build.0 = Debug|Any CPU
		{398AAD7D-4001-4449-8641-0C3573AACCF5}.Release|Any CPU.ActiveCfg = Release|Any CPU
		{398AAD7D-4001-4449-8641-0C3573AACCF5}.Release|Any CPU.Build.0 = Release|Any CPU
	EndGlobalSection
	GlobalSection(SolutionProperties) = preSolution
		HideSolutionNode = FALSE
	EndGlobalSection
	GlobalSection(ExtensibilityGlobals) = postSolution
		SolutionGuid = {CD72C4AB-573D-40B3-846D-F1AB1D8E3E42}
	EndGlobalSection
EndGlobal
